
Microsoft Visual Studio Solution File, Format Version 12.00
Project("{FAE04EC0-301F-11D3-BF4B-00C04F79EFBC}") = "DeliveryService", "DeliveryService\DeliveryService.csproj", "{999AC85A-90E3-4B99-BA68-17BD6C1163F9}"
EndProject
Global
	GlobalSection(SolutionConfigurationPlatforms) = preSolution
		Debug|Any CPU = Debug|Any CPU
		Release|Any CPU = Release|Any CPU
	EndGlobalSection
	GlobalSection(ProjectConfigurationPlatforms) = postSolution
		{999AC85A-90E3-4B99-BA68-17BD6C1163F9}.Debug|Any CPU.ActiveCfg = Debug|Any CPU
		{999AC85A-90E3-4B99-BA68-17BD6C1163F9}.Debug|Any CPU.Build.0 = Debug|Any CPU
		{999AC85A-90E3-4B99-BA68-17BD6C1163F9}.Release|Any CPU.ActiveCfg = Release|Any CPU
		{999AC85A-90E3-4B99-BA68-17BD6C1163F9}.Release|Any CPU.Build.0 = Release|Any CPU
	EndGlobalSection
EndGlobal
